{
  "name": "@donutteam/ajax-form",
  "version": "1.1.0",
  "lockfileVersion": 2,
  "requires": true,
  "packages": {
    "": {
      "name": "@donutteam/ajax-form",
      "version": "1.1.0",
      "license": "MIT",
      "dependencies": {
        "@donutteam/bindable": "^1.0.2",
        "@donutteam/custom-api-classes": "^1.1.5",
        "@donutteam/document-utilities": "^1.0.0"
      },
      "devDependencies": {
        "@donutteam/eslint-config": "^1.0.6"
      }
    },
    "node_modules/@donutteam/bindable": {
      "version": "1.0.2",
      "resolved": "https://registry.npmjs.org/@donutteam/bindable/-/bindable-1.0.2.tgz",
      "integrity": "sha512-+nwFpVM/U224N1DZ4lD1R+TwkHm4BsFlLh4wqZ6ErSgJWCLhNfkQX9P0QLMT2cCZPJKNabIFmVv7cQv9xpXdzw=="
    },
    "node_modules/@donutteam/custom-api-classes": {
      "version": "1.1.5",
      "resolved": "https://registry.npmjs.org/@donutteam/custom-api-classes/-/custom-api-classes-1.1.5.tgz",
      "integrity": "sha512-1dtLTIqqiCCK31FhSMGYwi4jqNM9zfyJGCxabOBTBRKdtF/Sx47wkyxjcHt3MwmrJNF9S119D1dwmIBquPBAeg=="
    },
    "node_modules/@donutteam/document-utilities": {
      "version": "1.0.0",
      "resolved": "https://registry.npmjs.org/@donutteam/document-utilities/-/document-utilities-1.0.0.tgz",
      "integrity": "sha512-W2LY7u8wyoa5bEctkh0bn9arnwH2H95FFqCc+bfm33vC00xjbbaDeJpfd/HChMsx6dW8uXS1xK12JpeHFSejLA==",
      "dependencies": {
        "@donutteam/eslint-config": "^1.0.6"
      }
    },
    "node_modules/@donutteam/eslint-config": {
      "version": "1.0.6",
      "resolved": "https://registry.npmjs.org/@donutteam/eslint-config/-/eslint-config-1.0.6.tgz",
      "integrity": "sha512-In3Y9YDL+BkG0Non6z6N+XzDIAKulumtYiJxQ8YgzT/7CHj3orPyLWF7Xy9VpXRIxyX8Nk35w0zcwxSlvqwldg=="
    }
  },
  "dependencies": {
    "@donutteam/bindable": {
      "version": "1.0.2",
      "resolved": "https://registry.npmjs.org/@donutteam/bindable/-/bindable-1.0.2.tgz",
      "integrity": "sha512-+nwFpVM/U224N1DZ4lD1R+TwkHm4BsFlLh4wqZ6ErSgJWCLhNfkQX9P0QLMT2cCZPJKNabIFmVv7cQv9xpXdzw=="
    },
    "@donutteam/custom-api-classes": {
      "version": "1.1.5",
      "resolved": "https://registry.npmjs.org/@donutteam/custom-api-classes/-/custom-api-classes-1.1.5.tgz",
      "integrity": "sha512-1dtLTIqqiCCK31FhSMGYwi4jqNM9zfyJGCxabOBTBRKdtF/Sx47wkyxjcHt3MwmrJNF9S119D1dwmIBquPBAeg=="
    },
    "@donutteam/document-utilities": {
      "version": "1.0.0",
      "resolved": "https://registry.npmjs.org/@donutteam/document-utilities/-/document-utilities-1.0.0.tgz",
      "integrity": "sha512-W2LY7u8wyoa5bEctkh0bn9arnwH2H95FFqCc+bfm33vC00xjbbaDeJpfd/HChMsx6dW8uXS1xK12JpeHFSejLA==",
      "requires": {
        "@donutteam/eslint-config": "^1.0.6"
      }
    },
    "@donutteam/eslint-config": {
      "version": "1.0.6",
      "resolved": "https://registry.npmjs.org/@donutteam/eslint-config/-/eslint-config-1.0.6.tgz",
      "integrity": "sha512-In3Y9YDL+BkG0Non6z6N+XzDIAKulumtYiJxQ8YgzT/7CHj3orPyLWF7Xy9VpXRIxyX8Nk35w0zcwxSlvqwldg=="
    }
  }
}
